// !$*UTF8*$!
{
	archiveVersion = 1;
	classes = {
	};
	objectVersion = 56;
	objects = {

/* Begin PBXBuildFile section */
		1883B33029C1B67A005E8D96 /* UIView+MyStyle.swift in Sources */ = {isa = PBXBuildFile; fileRef = 1883B32F29C1B67A005E8D96 /* UIView+MyStyle.swift */; };
		188E58B72AB6250F00BE21B5 /* Mapper.swift in Sources */ = {isa = PBXBuildFile; fileRef = 188E58B62AB6250F00BE21B5 /* Mapper.swift */; };
		189049FE29C0642900123C9E /* AppDelegate.swift in Sources */ = {isa = PBXBuildFile; fileRef = 189049FD29C0642900123C9E /* AppDelegate.swift */; };
		18904A0029C0642900123C9E /* SceneDelegate.swift in Sources */ = {isa = PBXBuildFile; fileRef = 189049FF29C0642900123C9E /* SceneDelegate.swift */; };
		18904A0229C0642900123C9E /* ContainerViewController.swift in Sources */ = {isa = PBXBuildFile; fileRef = 18904A0129C0642900123C9E /* ContainerViewController.swift */; };
		18904A0729C0643000123C9E /* Assets.xcassets in Resources */ = {isa = PBXBuildFile; fileRef = 18904A0629C0643000123C9E /* Assets.xcassets */; };
		18904A0A29C0643000123C9E /* LaunchScreen.storyboard in Resources */ = {isa = PBXBuildFile; fileRef = 18904A0829C0643000123C9E /* LaunchScreen.storyboard */; };
		18904A1529C0643100123C9E /* iPod_U2_AudioPlayerTests.swift in Sources */ = {isa = PBXBuildFile; fileRef = 18904A1429C0643100123C9E /* iPod_U2_AudioPlayerTests.swift */; };
		18904A1F29C0643100123C9E /* iPod_U2_AudioPlayerUITests.swift in Sources */ = {isa = PBXBuildFile; fileRef = 18904A1E29C0643100123C9E /* iPod_U2_AudioPlayerUITests.swift */; };
		18904A2129C0643100123C9E /* iPod_U2_AudioPlayerUITestsLaunchTests.swift in Sources */ = {isa = PBXBuildFile; fileRef = 18904A2029C0643100123C9E /* iPod_U2_AudioPlayerUITestsLaunchTests.swift */; };
		18904A3329C066E100123C9E /* ContainerView.swift in Sources */ = {isa = PBXBuildFile; fileRef = 18904A3229C066E100123C9E /* ContainerView.swift */; };
		18904A3529C0672600123C9E /* ControlModule.swift in Sources */ = {isa = PBXBuildFile; fileRef = 18904A3429C0672600123C9E /* ControlModule.swift */; };
		18904A3A29C067AD00123C9E /* PlayerButton.swift in Sources */ = {isa = PBXBuildFile; fileRef = 18904A3929C067AD00123C9E /* PlayerButton.swift */; };
		18904A3D29C0681F00123C9E /* EnumsForProject.swift in Sources */ = {isa = PBXBuildFile; fileRef = 18904A3C29C0681F00123C9E /* EnumsForProject.swift */; };
		18904A4029C0688300123C9E /* IPodGestureRecognizer.swift in Sources */ = {isa = PBXBuildFile; fileRef = 18904A3F29C0688300123C9E /* IPodGestureRecognizer.swift */; };
		18904A4329C0692C00123C9E /* CGFloat+.swift in Sources */ = {isa = PBXBuildFile; fileRef = 18904A4229C0692C00123C9E /* CGFloat+.swift */; };
		18904A4629C069CC00123C9E /* ProtocolsForProject.swift in Sources */ = {isa = PBXBuildFile; fileRef = 18904A4529C069CC00123C9E /* ProtocolsForProject.swift */; };
		18904A4929C06A3400123C9E /* Images.swift in Sources */ = {isa = PBXBuildFile; fileRef = 18904A4829C06A3400123C9E /* Images.swift */; };
		18904A4C29C06AD400123C9E /* Fonts.swift in Sources */ = {isa = PBXBuildFile; fileRef = 18904A4B29C06AD400123C9E /* Fonts.swift */; };
		18904A4F29C06B0700123C9E /* MarkPro-Bold.ttf in Resources */ = {isa = PBXBuildFile; fileRef = 18904A4E29C06B0700123C9E /* MarkPro-Bold.ttf */; };
		18904A5029C06B0700123C9E /* MarkPro-Bold.ttf in Resources */ = {isa = PBXBuildFile; fileRef = 18904A4E29C06B0700123C9E /* MarkPro-Bold.ttf */; };
		18904A5129C06B0700123C9E /* MarkPro-Bold.ttf in Resources */ = {isa = PBXBuildFile; fileRef = 18904A4E29C06B0700123C9E /* MarkPro-Bold.ttf */; };
		18904A5329C06B7900123C9E /* SelectButton.swift in Sources */ = {isa = PBXBuildFile; fileRef = 18904A5229C06B7900123C9E /* SelectButton.swift */; };
		18904A5429C06B7900123C9E /* SelectButton.swift in Sources */ = {isa = PBXBuildFile; fileRef = 18904A5229C06B7900123C9E /* SelectButton.swift */; };
		18904A5529C06B7900123C9E /* SelectButton.swift in Sources */ = {isa = PBXBuildFile; fileRef = 18904A5229C06B7900123C9E /* SelectButton.swift */; };
		18904A5729C06BBD00123C9E /* UIButton+Target.swift in Sources */ = {isa = PBXBuildFile; fileRef = 18904A5629C06BBD00123C9E /* UIButton+Target.swift */; };
		18904A5829C06BBD00123C9E /* UIButton+Target.swift in Sources */ = {isa = PBXBuildFile; fileRef = 18904A5629C06BBD00123C9E /* UIButton+Target.swift */; };
		18904A5929C06BBD00123C9E /* UIButton+Target.swift in Sources */ = {isa = PBXBuildFile; fileRef = 18904A5629C06BBD00123C9E /* UIButton+Target.swift */; };
		18904A5B29C06BE600123C9E /* Colors.swift in Sources */ = {isa = PBXBuildFile; fileRef = 18904A5A29C06BE600123C9E /* Colors.swift */; };
		18904A5C29C06BE600123C9E /* Colors.swift in Sources */ = {isa = PBXBuildFile; fileRef = 18904A5A29C06BE600123C9E /* Colors.swift */; };
		18904A5D29C06BE600123C9E /* Colors.swift in Sources */ = {isa = PBXBuildFile; fileRef = 18904A5A29C06BE600123C9E /* Colors.swift */; };
		18904A5F29C06C2D00123C9E /* NavBarView.swift in Sources */ = {isa = PBXBuildFile; fileRef = 18904A5E29C06C2D00123C9E /* NavBarView.swift */; };
		18904A6029C06C2D00123C9E /* NavBarView.swift in Sources */ = {isa = PBXBuildFile; fileRef = 18904A5E29C06C2D00123C9E /* NavBarView.swift */; };
		18904A6129C06C2D00123C9E /* NavBarView.swift in Sources */ = {isa = PBXBuildFile; fileRef = 18904A5E29C06C2D00123C9E /* NavBarView.swift */; };
		18904A6429C06C8E00123C9E /* UILabel+MyStyle.swift in Sources */ = {isa = PBXBuildFile; fileRef = 18904A6329C06C8E00123C9E /* UILabel+MyStyle.swift */; };
		18904A6529C06C8E00123C9E /* UILabel+MyStyle.swift in Sources */ = {isa = PBXBuildFile; fileRef = 18904A6329C06C8E00123C9E /* UILabel+MyStyle.swift */; };
		18904A6629C06C8E00123C9E /* UILabel+MyStyle.swift in Sources */ = {isa = PBXBuildFile; fileRef = 18904A6329C06C8E00123C9E /* UILabel+MyStyle.swift */; };
		18904A6829C06CF400123C9E /* ProgressBar.swift in Sources */ = {isa = PBXBuildFile; fileRef = 18904A6729C06CF400123C9E /* ProgressBar.swift */; };
		18904A6D29C06D6800123C9E /* ModelProgressTrack.swift in Sources */ = {isa = PBXBuildFile; fileRef = 18904A6C29C06D6800123C9E /* ModelProgressTrack.swift */; };
		18904A6E29C06D6800123C9E /* ModelProgressTrack.swift in Sources */ = {isa = PBXBuildFile; fileRef = 18904A6C29C06D6800123C9E /* ModelProgressTrack.swift */; };
		18904A6F29C06D6800123C9E /* ModelProgressTrack.swift in Sources */ = {isa = PBXBuildFile; fileRef = 18904A6C29C06D6800123C9E /* ModelProgressTrack.swift */; };
		18904A7129C06DB600123C9E /* ModelTrack.swift in Sources */ = {isa = PBXBuildFile; fileRef = 18904A7029C06DB600123C9E /* ModelTrack.swift */; };
		18904A7229C06DB600123C9E /* ModelTrack.swift in Sources */ = {isa = PBXBuildFile; fileRef = 18904A7029C06DB600123C9E /* ModelTrack.swift */; };
		18904A7329C06DB600123C9E /* ModelTrack.swift in Sources */ = {isa = PBXBuildFile; fileRef = 18904A7029C06DB600123C9E /* ModelTrack.swift */; };
		18904A7829C06E5700123C9E /* SelectTrackViewController.swift in Sources */ = {isa = PBXBuildFile; fileRef = 18904A7729C06E5700123C9E /* SelectTrackViewController.swift */; };
		18904A7929C06E5700123C9E /* SelectTrackViewController.swift in Sources */ = {isa = PBXBuildFile; fileRef = 18904A7729C06E5700123C9E /* SelectTrackViewController.swift */; };
		18904A7A29C06E5700123C9E /* SelectTrackViewController.swift in Sources */ = {isa = PBXBuildFile; fileRef = 18904A7729C06E5700123C9E /* SelectTrackViewController.swift */; };
		18904A7C29C06EA500123C9E /* SelectTrackView.swift in Sources */ = {isa = PBXBuildFile; fileRef = 18904A7B29C06EA500123C9E /* SelectTrackView.swift */; };
		18904A7D29C06EA500123C9E /* SelectTrackView.swift in Sources */ = {isa = PBXBuildFile; fileRef = 18904A7B29C06EA500123C9E /* SelectTrackView.swift */; };
		18904A7E29C06EA500123C9E /* SelectTrackView.swift in Sources */ = {isa = PBXBuildFile; fileRef = 18904A7B29C06EA500123C9E /* SelectTrackView.swift */; };
		18904A8029C06ED600123C9E /* Sounds.swift in Sources */ = {isa = PBXBuildFile; fileRef = 18904A7F29C06ED600123C9E /* Sounds.swift */; };
		18904A8129C06ED600123C9E /* Sounds.swift in Sources */ = {isa = PBXBuildFile; fileRef = 18904A7F29C06ED600123C9E /* Sounds.swift */; };
		18904A8229C06ED600123C9E /* Sounds.swift in Sources */ = {isa = PBXBuildFile; fileRef = 18904A7F29C06ED600123C9E /* Sounds.swift */; };
		18904A8529C06F1300123C9E /* liam_m-i-know.mp3 in Resources */ = {isa = PBXBuildFile; fileRef = 18904A8429C06F1300123C9E /* liam_m-i-know.mp3 */; };
		18904A8629C06F1300123C9E /* liam_m-i-know.mp3 in Resources */ = {isa = PBXBuildFile; fileRef = 18904A8429C06F1300123C9E /* liam_m-i-know.mp3 */; };
		18904A8729C06F1300123C9E /* liam_m-i-know.mp3 in Resources */ = {isa = PBXBuildFile; fileRef = 18904A8429C06F1300123C9E /* liam_m-i-know.mp3 */; };
		18904A8A29C06FF400123C9E /* PlayerAppSounds.swift in Sources */ = {isa = PBXBuildFile; fileRef = 18904A8929C06FF400123C9E /* PlayerAppSounds.swift */; };
		18904A8B29C06FF400123C9E /* PlayerAppSounds.swift in Sources */ = {isa = PBXBuildFile; fileRef = 18904A8929C06FF400123C9E /* PlayerAppSounds.swift */; };
		18904A8C29C06FF400123C9E /* PlayerAppSounds.swift in Sources */ = {isa = PBXBuildFile; fileRef = 18904A8929C06FF400123C9E /* PlayerAppSounds.swift */; };
		18904A8E29C0700F00123C9E /* schelchok-vyiklyucheniya.mp3 in Resources */ = {isa = PBXBuildFile; fileRef = 18904A8D29C0700F00123C9E /* schelchok-vyiklyucheniya.mp3 */; };
		18904A8F29C0700F00123C9E /* schelchok-vyiklyucheniya.mp3 in Resources */ = {isa = PBXBuildFile; fileRef = 18904A8D29C0700F00123C9E /* schelchok-vyiklyucheniya.mp3 */; };
		18904A9029C0700F00123C9E /* schelchok-vyiklyucheniya.mp3 in Resources */ = {isa = PBXBuildFile; fileRef = 18904A8D29C0700F00123C9E /* schelchok-vyiklyucheniya.mp3 */; };
		18904A9229C0702F00123C9E /* PlayerIPod.swift in Sources */ = {isa = PBXBuildFile; fileRef = 18904A9129C0702F00123C9E /* PlayerIPod.swift */; };
		18904A9329C0702F00123C9E /* PlayerIPod.swift in Sources */ = {isa = PBXBuildFile; fileRef = 18904A9129C0702F00123C9E /* PlayerIPod.swift */; };
		18904A9429C0702F00123C9E /* PlayerIPod.swift in Sources */ = {isa = PBXBuildFile; fileRef = 18904A9129C0702F00123C9E /* PlayerIPod.swift */; };
		18904A9929C070D100123C9E /* PlayerViewController.swift in Sources */ = {isa = PBXBuildFile; fileRef = 18904A9829C070D100123C9E /* PlayerViewController.swift */; };
		18904A9A29C070D100123C9E /* PlayerViewController.swift in Sources */ = {isa = PBXBuildFile; fileRef = 18904A9829C070D100123C9E /* PlayerViewController.swift */; };
		18904A9B29C070D100123C9E /* PlayerViewController.swift in Sources */ = {isa = PBXBuildFile; fileRef = 18904A9829C070D100123C9E /* PlayerViewController.swift */; };
		18904A9E29C0711600123C9E /* SelectTrackCell.swift in Sources */ = {isa = PBXBuildFile; fileRef = 18904A9D29C0711600123C9E /* SelectTrackCell.swift */; };
		18904A9F29C0711600123C9E /* SelectTrackCell.swift in Sources */ = {isa = PBXBuildFile; fileRef = 18904A9D29C0711600123C9E /* SelectTrackCell.swift */; };
		18904AA029C0711600123C9E /* SelectTrackCell.swift in Sources */ = {isa = PBXBuildFile; fileRef = 18904A9D29C0711600123C9E /* SelectTrackCell.swift */; };
		1893A4CD2ABF6B12007CD8C7 /* PlayerBaseViewController.swift in Sources */ = {isa = PBXBuildFile; fileRef = 1893A4CC2ABF6B12007CD8C7 /* PlayerBaseViewController.swift */; };
		1893A4D12ABF7315007CD8C7 /* Tracks.swift in Sources */ = {isa = PBXBuildFile; fileRef = 1893A4D02ABF7315007CD8C7 /* Tracks.swift */; };
		1893A4D42ABF7523007CD8C7 /* IPodNavigationController.swift in Sources */ = {isa = PBXBuildFile; fileRef = 1893A4D32ABF7523007CD8C7 /* IPodNavigationController.swift */; };
		1893A4D62ABF8B79007CD8C7 /* IPodNavigationView.swift in Sources */ = {isa = PBXBuildFile; fileRef = 1893A4D52ABF8B79007CD8C7 /* IPodNavigationView.swift */; };
		18BD308E29FFF1B000F0C279 /* UIView+InnerShadow.swift in Sources */ = {isa = PBXBuildFile; fileRef = 18BD308D29FFF1B000F0C279 /* UIView+InnerShadow.swift */; };
		18E20CCD29C0B5E400E9E16C /* UIView+Gradient.swift in Sources */ = {isa = PBXBuildFile; fileRef = 18E20CCC29C0B5E400E9E16C /* UIView+Gradient.swift */; };
		18E20CCF29C0BBBC00E9E16C /* PlayerView.swift in Sources */ = {isa = PBXBuildFile; fileRef = 18E20CCE29C0BBBC00E9E16C /* PlayerView.swift */; };
		18E20CD229C0BC0A00E9E16C /* UIIMageView+MyStyle.swift in Sources */ = {isa = PBXBuildFile; fileRef = 18E20CD129C0BC0A00E9E16C /* UIIMageView+MyStyle.swift */; };
		18E20CD529C0BD2600E9E16C /* UIStackView+MyStyle.swift in Sources */ = {isa = PBXBuildFile; fileRef = 18E20CD429C0BD2600E9E16C /* UIStackView+MyStyle.swift */; };
		18E20CD829C0BD6B00E9E16C /* ModelTrackDisplay.swift in Sources */ = {isa = PBXBuildFile; fileRef = 18E20CD729C0BD6B00E9E16C /* ModelTrackDisplay.swift */; };
		18E20CDB29C0DB5200E9E16C /* ModelSelectTrackCell.swift in Sources */ = {isa = PBXBuildFile; fileRef = 18E20CDA29C0DB5200E9E16C /* ModelSelectTrackCell.swift */; };
/* End PBXBuildFile section */

/* Begin PBXContainerItemProxy section */
		18904A1129C0643100123C9E /* PBXContainerItemProxy */ = {
			isa = PBXContainerItemProxy;
			containerPortal = 189049F229C0642800123C9E /* Project object */;
			proxyType = 1;
			remoteGlobalIDString = 189049F929C0642900123C9E;
			remoteInfo = "iPod U2 AudioPlayer";
		};
		18904A1B29C0643100123C9E /* PBXContainerItemProxy */ = {
			isa = PBXContainerItemProxy;
			containerPortal = 189049F229C0642800123C9E /* Project object */;
			proxyType = 1;
			remoteGlobalIDString = 189049F929C0642900123C9E;
			remoteInfo = "iPod U2 AudioPlayer";
		};
/* End PBXContainerItemProxy section */

/* Begin PBXFileReference section */
		1883B32F29C1B67A005E8D96 /* UIView+MyStyle.swift */ = {isa = PBXFileReference; lastKnownFileType = sourcecode.swift; path = "UIView+MyStyle.swift"; sourceTree = "<group>"; };
		188E58B62AB6250F00BE21B5 /* Mapper.swift */ = {isa = PBXFileReference; lastKnownFileType = sourcecode.swift; path = Mapper.swift; sourceTree = "<group>"; };
		189049FA29C0642900123C9E /* iPod U2 AudioPlayer.app */ = {isa = PBXFileReference; explicitFileType = wrapper.application; includeInIndex = 0; path = "iPod U2 AudioPlayer.app"; sourceTree = BUILT_PRODUCTS_DIR; };
		189049FD29C0642900123C9E /* AppDelegate.swift */ = {isa = PBXFileReference; lastKnownFileType = sourcecode.swift; path = AppDelegate.swift; sourceTree = "<group>"; };
		189049FF29C0642900123C9E /* SceneDelegate.swift */ = {isa = PBXFileReference; lastKnownFileType = sourcecode.swift; path = SceneDelegate.swift; sourceTree = "<group>"; };
		18904A0129C0642900123C9E /* ContainerViewController.swift */ = {isa = PBXFileReference; lastKnownFileType = sourcecode.swift; path = ContainerViewController.swift; sourceTree = "<group>"; };
		18904A0629C0643000123C9E /* Assets.xcassets */ = {isa = PBXFileReference; lastKnownFileType = folder.assetcatalog; path = Assets.xcassets; sourceTree = "<group>"; };
		18904A0929C0643000123C9E /* Base */ = {isa = PBXFileReference; lastKnownFileType = file.storyboard; name = Base; path = Base.lproj/LaunchScreen.storyboard; sourceTree = "<group>"; };
		18904A0B29C0643000123C9E /* Info.plist */ = {isa = PBXFileReference; lastKnownFileType = text.plist.xml; path = Info.plist; sourceTree = "<group>"; };
		18904A1029C0643100123C9E /* iPod U2 AudioPlayerTests.xctest */ = {isa = PBXFileReference; explicitFileType = wrapper.cfbundle; includeInIndex = 0; path = "iPod U2 AudioPlayerTests.xctest"; sourceTree = BUILT_PRODUCTS_DIR; };
		18904A1429C0643100123C9E /* iPod_U2_AudioPlayerTests.swift */ = {isa = PBXFileReference; lastKnownFileType = sourcecode.swift; path = iPod_U2_AudioPlayerTests.swift; sourceTree = "<group>"; };
		18904A1A29C0643100123C9E /* iPod U2 AudioPlayerUITests.xctest */ = {isa = PBXFileReference; explicitFileType = wrapper.cfbundle; includeInIndex = 0; path = "iPod U2 AudioPlayerUITests.xctest"; sourceTree = BUILT_PRODUCTS_DIR; };
		18904A1E29C0643100123C9E /* iPod_U2_AudioPlayerUITests.swift */ = {isa = PBXFileReference; lastKnownFileType = sourcecode.swift; path = iPod_U2_AudioPlayerUITests.swift; sourceTree = "<group>"; };
		18904A2029C0643100123C9E /* iPod_U2_AudioPlayerUITestsLaunchTests.swift */ = {isa = PBXFileReference; lastKnownFileType = sourcecode.swift; path = iPod_U2_AudioPlayerUITestsLaunchTests.swift; sourceTree = "<group>"; };
		18904A3229C066E100123C9E /* ContainerView.swift */ = {isa = PBXFileReference; lastKnownFileType = sourcecode.swift; path = ContainerView.swift; sourceTree = "<group>"; };
		18904A3429C0672600123C9E /* ControlModule.swift */ = {isa = PBXFileReference; lastKnownFileType = sourcecode.swift; path = ControlModule.swift; sourceTree = "<group>"; };
		18904A3929C067AD00123C9E /* PlayerButton.swift */ = {isa = PBXFileReference; lastKnownFileType = sourcecode.swift; path = PlayerButton.swift; sourceTree = "<group>"; };
		18904A3C29C0681F00123C9E /* EnumsForProject.swift */ = {isa = PBXFileReference; lastKnownFileType = sourcecode.swift; path = EnumsForProject.swift; sourceTree = "<group>"; };
		18904A3F29C0688300123C9E /* IPodGestureRecognizer.swift */ = {isa = PBXFileReference; lastKnownFileType = sourcecode.swift; path = IPodGestureRecognizer.swift; sourceTree = "<group>"; };
		18904A4229C0692C00123C9E /* CGFloat+.swift */ = {isa = PBXFileReference; lastKnownFileType = sourcecode.swift; path = "CGFloat+.swift"; sourceTree = "<group>"; };
		18904A4529C069CC00123C9E /* ProtocolsForProject.swift */ = {isa = PBXFileReference; lastKnownFileType = sourcecode.swift; path = ProtocolsForProject.swift; sourceTree = "<group>"; };
		18904A4829C06A3400123C9E /* Images.swift */ = {isa = PBXFileReference; lastKnownFileType = sourcecode.swift; path = Images.swift; sourceTree = "<group>"; };
		18904A4B29C06AD400123C9E /* Fonts.swift */ = {isa = PBXFileReference; lastKnownFileType = sourcecode.swift; path = Fonts.swift; sourceTree = "<group>"; };
		18904A4E29C06B0700123C9E /* MarkPro-Bold.ttf */ = {isa = PBXFileReference; lastKnownFileType = file; path = "MarkPro-Bold.ttf"; sourceTree = "<group>"; };
		18904A5229C06B7900123C9E /* SelectButton.swift */ = {isa = PBXFileReference; lastKnownFileType = sourcecode.swift; path = SelectButton.swift; sourceTree = "<group>"; };
		18904A5629C06BBD00123C9E /* UIButton+Target.swift */ = {isa = PBXFileReference; lastKnownFileType = sourcecode.swift; path = "UIButton+Target.swift"; sourceTree = "<group>"; };
		18904A5A29C06BE600123C9E /* Colors.swift */ = {isa = PBXFileReference; lastKnownFileType = sourcecode.swift; path = Colors.swift; sourceTree = "<group>"; };
		18904A5E29C06C2D00123C9E /* NavBarView.swift */ = {isa = PBXFileReference; lastKnownFileType = sourcecode.swift; path = NavBarView.swift; sourceTree = "<group>"; };
		18904A6329C06C8E00123C9E /* UILabel+MyStyle.swift */ = {isa = PBXFileReference; lastKnownFileType = sourcecode.swift; path = "UILabel+MyStyle.swift"; sourceTree = "<group>"; };
		18904A6729C06CF400123C9E /* ProgressBar.swift */ = {isa = PBXFileReference; lastKnownFileType = sourcecode.swift; path = ProgressBar.swift; sourceTree = "<group>"; };
		18904A6C29C06D6800123C9E /* ModelProgressTrack.swift */ = {isa = PBXFileReference; lastKnownFileType = sourcecode.swift; path = ModelProgressTrack.swift; sourceTree = "<group>"; };
		18904A7029C06DB600123C9E /* ModelTrack.swift */ = {isa = PBXFileReference; lastKnownFileType = sourcecode.swift; path = ModelTrack.swift; sourceTree = "<group>"; };
		18904A7729C06E5700123C9E /* SelectTrackViewController.swift */ = {isa = PBXFileReference; lastKnownFileType = sourcecode.swift; path = SelectTrackViewController.swift; sourceTree = "<group>"; };
		18904A7B29C06EA500123C9E /* SelectTrackView.swift */ = {isa = PBXFileReference; lastKnownFileType = sourcecode.swift; path = SelectTrackView.swift; sourceTree = "<group>"; };
		18904A7F29C06ED600123C9E /* Sounds.swift */ = {isa = PBXFileReference; lastKnownFileType = sourcecode.swift; path = Sounds.swift; sourceTree = "<group>"; };
		18904A8429C06F1300123C9E /* liam_m-i-know.mp3 */ = {isa = PBXFileReference; lastKnownFileType = audio.mp3; path = "liam_m-i-know.mp3"; sourceTree = "<group>"; };
		18904A8929C06FF400123C9E /* PlayerAppSounds.swift */ = {isa = PBXFileReference; lastKnownFileType = sourcecode.swift; path = PlayerAppSounds.swift; sourceTree = "<group>"; };
		18904A8D29C0700F00123C9E /* schelchok-vyiklyucheniya.mp3 */ = {isa = PBXFileReference; lastKnownFileType = audio.mp3; path = "schelchok-vyiklyucheniya.mp3"; sourceTree = "<group>"; };
		18904A9129C0702F00123C9E /* PlayerIPod.swift */ = {isa = PBXFileReference; lastKnownFileType = sourcecode.swift; path = PlayerIPod.swift; sourceTree = "<group>"; };
		18904A9829C070D100123C9E /* PlayerViewController.swift */ = {isa = PBXFileReference; lastKnownFileType = sourcecode.swift; path = PlayerViewController.swift; sourceTree = "<group>"; };
		18904A9D29C0711600123C9E /* SelectTrackCell.swift */ = {isa = PBXFileReference; lastKnownFileType = sourcecode.swift; path = SelectTrackCell.swift; sourceTree = "<group>"; };
		1893A4CC2ABF6B12007CD8C7 /* PlayerBaseViewController.swift */ = {isa = PBXFileReference; lastKnownFileType = sourcecode.swift; path = PlayerBaseViewController.swift; sourceTree = "<group>"; };
		1893A4D02ABF7315007CD8C7 /* Tracks.swift */ = {isa = PBXFileReference; lastKnownFileType = sourcecode.swift; path = Tracks.swift; sourceTree = "<group>"; };
		1893A4D32ABF7523007CD8C7 /* IPodNavigationController.swift */ = {isa = PBXFileReference; lastKnownFileType = sourcecode.swift; path = IPodNavigationController.swift; sourceTree = "<group>"; };
		1893A4D52ABF8B79007CD8C7 /* IPodNavigationView.swift */ = {isa = PBXFileReference; lastKnownFileType = sourcecode.swift; path = IPodNavigationView.swift; sourceTree = "<group>"; };
		18BD308D29FFF1B000F0C279 /* UIView+InnerShadow.swift */ = {isa = PBXFileReference; lastKnownFileType = sourcecode.swift; path = "UIView+InnerShadow.swift"; sourceTree = "<group>"; };
		18E20CCC29C0B5E400E9E16C /* UIView+Gradient.swift */ = {isa = PBXFileReference; lastKnownFileType = sourcecode.swift; path = "UIView+Gradient.swift"; sourceTree = "<group>"; };
		18E20CCE29C0BBBC00E9E16C /* PlayerView.swift */ = {isa = PBXFileReference; lastKnownFileType = sourcecode.swift; path = PlayerView.swift; sourceTree = "<group>"; };
		18E20CD129C0BC0A00E9E16C /* UIIMageView+MyStyle.swift */ = {isa = PBXFileReference; lastKnownFileType = sourcecode.swift; path = "UIIMageView+MyStyle.swift"; sourceTree = "<group>"; };
		18E20CD429C0BD2600E9E16C /* UIStackView+MyStyle.swift */ = {isa = PBXFileReference; lastKnownFileType = sourcecode.swift; path = "UIStackView+MyStyle.swift"; sourceTree = "<group>"; };
		18E20CD729C0BD6B00E9E16C /* ModelTrackDisplay.swift */ = {isa = PBXFileReference; lastKnownFileType = sourcecode.swift; path = ModelTrackDisplay.swift; sourceTree = "<group>"; };
		18E20CDA29C0DB5200E9E16C /* ModelSelectTrackCell.swift */ = {isa = PBXFileReference; lastKnownFileType = sourcecode.swift; path = ModelSelectTrackCell.swift; sourceTree = "<group>"; };
/* End PBXFileReference section */

/* Begin PBXFrameworksBuildPhase section */
		189049F729C0642900123C9E /* Frameworks */ = {
			isa = PBXFrameworksBuildPhase;
			buildActionMask = 2147483647;
			files = (
			);
			runOnlyForDeploymentPostprocessing = 0;
		};
		18904A0D29C0643000123C9E /* Frameworks */ = {
			isa = PBXFrameworksBuildPhase;
			buildActionMask = 2147483647;
			files = (
			);
			runOnlyForDeploymentPostprocessing = 0;
		};
		18904A1729C0643100123C9E /* Frameworks */ = {
			isa = PBXFrameworksBuildPhase;
			buildActionMask = 2147483647;
			files = (
			);
			runOnlyForDeploymentPostprocessing = 0;
		};
/* End PBXFrameworksBuildPhase section */

/* Begin PBXGroup section */
		187DD3F62AB0ED1A00666565 /* Mapper */ = {
			isa = PBXGroup;
			children = (
				188E58B62AB6250F00BE21B5 /* Mapper.swift */,
			);
			path = Mapper;
			sourceTree = "<group>";
		};
		189049F129C0642800123C9E = {
			isa = PBXGroup;
			children = (
				189049FC29C0642900123C9E /* iPod U2 AudioPlayer */,
				18904A1329C0643100123C9E /* iPod U2 AudioPlayerTests */,
				18904A1D29C0643100123C9E /* iPod U2 AudioPlayerUITests */,
				189049FB29C0642900123C9E /* Products */,
			);
			sourceTree = "<group>";
		};
		189049FB29C0642900123C9E /* Products */ = {
			isa = PBXGroup;
			children = (
				189049FA29C0642900123C9E /* iPod U2 AudioPlayer.app */,
				18904A1029C0643100123C9E /* iPod U2 AudioPlayerTests.xctest */,
				18904A1A29C0643100123C9E /* iPod U2 AudioPlayerUITests.xctest */,
			);
			name = Products;
			sourceTree = "<group>";
		};
		189049FC29C0642900123C9E /* iPod U2 AudioPlayer */ = {
			isa = PBXGroup;
			children = (
				18904A2D29C0644500123C9E /* App */,
				18904A2E29C0644E00123C9E /* Screens */,
				18904A3629C0676800123C9E /* Library */,
				18904A8829C06FD500123C9E /* Service */,
				18904A0629C0643000123C9E /* Assets.xcassets */,
				18904A0829C0643000123C9E /* LaunchScreen.storyboard */,
				18904A0B29C0643000123C9E /* Info.plist */,
			);
			path = "iPod U2 AudioPlayer";
			sourceTree = "<group>";
		};
		18904A1329C0643100123C9E /* iPod U2 AudioPlayerTests */ = {
			isa = PBXGroup;
			children = (
				18904A1429C0643100123C9E /* iPod_U2_AudioPlayerTests.swift */,
			);
			path = "iPod U2 AudioPlayerTests";
			sourceTree = "<group>";
		};
		18904A1D29C0643100123C9E /* iPod U2 AudioPlayerUITests */ = {
			isa = PBXGroup;
			children = (
				18904A1E29C0643100123C9E /* iPod_U2_AudioPlayerUITests.swift */,
				18904A2029C0643100123C9E /* iPod_U2_AudioPlayerUITestsLaunchTests.swift */,
			);
			path = "iPod U2 AudioPlayerUITests";
			sourceTree = "<group>";
		};
		18904A2D29C0644500123C9E /* App */ = {
			isa = PBXGroup;
			children = (
				189049FD29C0642900123C9E /* AppDelegate.swift */,
				189049FF29C0642900123C9E /* SceneDelegate.swift */,
			);
			path = App;
			sourceTree = "<group>";
		};
		18904A2E29C0644E00123C9E /* Screens */ = {
			isa = PBXGroup;
			children = (
				18904A9529C0709000123C9E /* PlayerTrack */,
				18904A7429C06E1100123C9E /* SelectTrack */,
				18904A2F29C0645800123C9E /* Container */,
				1893A4D22ABF74C6007CD8C7 /* MyNavigationController */,
			);
			path = Screens;
			sourceTree = "<group>";
		};
		18904A2F29C0645800123C9E /* Container */ = {
			isa = PBXGroup;
			children = (
				18904A3029C0647E00123C9E /* Controller */,
				18904A3129C0648600123C9E /* View */,
				18904A6B29C06D5100123C9E /* Model */,
			);
			path = Container;
			sourceTree = "<group>";
		};
		18904A3029C0647E00123C9E /* Controller */ = {
			isa = PBXGroup;
			children = (
				18904A0129C0642900123C9E /* ContainerViewController.swift */,
				1893A4CC2ABF6B12007CD8C7 /* PlayerBaseViewController.swift */,
			);
			path = Controller;
			sourceTree = "<group>";
		};
		18904A3129C0648600123C9E /* View */ = {
			isa = PBXGroup;
			children = (
				18904A3229C066E100123C9E /* ContainerView.swift */,
				18904A3429C0672600123C9E /* ControlModule.swift */,
			);
			path = View;
			sourceTree = "<group>";
		};
		18904A3629C0676800123C9E /* Library */ = {
			isa = PBXGroup;
			children = (
				18904A8329C06F0300123C9E /* Sounds */,
				18904A4D29C06AFD00123C9E /* Fonts */,
				18904A4729C06A2500123C9E /* Constants */,
				18904A4429C069B300123C9E /* Protocols */,
				18904A3B29C067FC00123C9E /* Enums */,
				18904A3729C0678000123C9E /* Extension */,
			);
			path = Library;
			sourceTree = "<group>";
		};
		18904A3729C0678000123C9E /* Extension */ = {
			isa = PBXGroup;
			children = (
				18E20CD329C0BC8700E9E16C /* UIStackView */,
				18E20CD029C0BBE500E9E16C /* UIImageView */,
				18E20CCB29C0B5C800E9E16C /* UIView */,
				18904A6229C06C7C00123C9E /* UILabel */,
				18904A4129C0691900123C9E /* CGFloat */,
				18904A3E29C0684D00123C9E /* GestureRecognizer */,
				18904A3829C0678800123C9E /* UIButton */,
			);
			path = Extension;
			sourceTree = "<group>";
		};
		18904A3829C0678800123C9E /* UIButton */ = {
			isa = PBXGroup;
			children = (
				18904A3929C067AD00123C9E /* PlayerButton.swift */,
				18904A5229C06B7900123C9E /* SelectButton.swift */,
				18904A5629C06BBD00123C9E /* UIButton+Target.swift */,
			);
			path = UIButton;
			sourceTree = "<group>";
		};
		18904A3B29C067FC00123C9E /* Enums */ = {
			isa = PBXGroup;
			children = (
				18904A3C29C0681F00123C9E /* EnumsForProject.swift */,
			);
			path = Enums;
			sourceTree = "<group>";
		};
		18904A3E29C0684D00123C9E /* GestureRecognizer */ = {
			isa = PBXGroup;
			children = (
				18904A3F29C0688300123C9E /* IPodGestureRecognizer.swift */,
			);
			path = GestureRecognizer;
			sourceTree = "<group>";
		};
		18904A4129C0691900123C9E /* CGFloat */ = {
			isa = PBXGroup;
			children = (
				18904A4229C0692C00123C9E /* CGFloat+.swift */,
			);
			path = CGFloat;
			sourceTree = "<group>";
		};
		18904A4429C069B300123C9E /* Protocols */ = {
			isa = PBXGroup;
			children = (
				18904A4529C069CC00123C9E /* ProtocolsForProject.swift */,
			);
			path = Protocols;
			sourceTree = "<group>";
		};
		18904A4729C06A2500123C9E /* Constants */ = {
			isa = PBXGroup;
			children = (
				18904A4829C06A3400123C9E /* Images.swift */,
				18904A4B29C06AD400123C9E /* Fonts.swift */,
				18904A5A29C06BE600123C9E /* Colors.swift */,
				18904A7F29C06ED600123C9E /* Sounds.swift */,
			);
			path = Constants;
			sourceTree = "<group>";
		};
		18904A4D29C06AFD00123C9E /* Fonts */ = {
			isa = PBXGroup;
			children = (
				18904A4E29C06B0700123C9E /* MarkPro-Bold.ttf */,
			);
			path = Fonts;
			sourceTree = "<group>";
		};
		18904A6229C06C7C00123C9E /* UILabel */ = {
			isa = PBXGroup;
			children = (
				18904A6329C06C8E00123C9E /* UILabel+MyStyle.swift */,
			);
			path = UILabel;
			sourceTree = "<group>";
		};
		18904A6B29C06D5100123C9E /* Model */ = {
			isa = PBXGroup;
			children = (
				18904A6C29C06D6800123C9E /* ModelProgressTrack.swift */,
				18904A7029C06DB600123C9E /* ModelTrack.swift */,
			);
			path = Model;
			sourceTree = "<group>";
		};
		18904A7429C06E1100123C9E /* SelectTrack */ = {
			isa = PBXGroup;
			children = (
				18904A7529C06E2100123C9E /* Controller */,
				18904A7629C06E2800123C9E /* View */,
				18E20CD929C0DB3300E9E16C /* Model */,
			);
			path = SelectTrack;
			sourceTree = "<group>";
		};
		18904A7529C06E2100123C9E /* Controller */ = {
			isa = PBXGroup;
			children = (
				18904A7729C06E5700123C9E /* SelectTrackViewController.swift */,
			);
			path = Controller;
			sourceTree = "<group>";
		};
		18904A7629C06E2800123C9E /* View */ = {
			isa = PBXGroup;
			children = (
				18904A7B29C06EA500123C9E /* SelectTrackView.swift */,
				18904A5E29C06C2D00123C9E /* NavBarView.swift */,
				18904A9C29C070F500123C9E /* Cell */,
			);
			path = View;
			sourceTree = "<group>";
		};
		18904A8329C06F0300123C9E /* Sounds */ = {
			isa = PBXGroup;
			children = (
				18904A8D29C0700F00123C9E /* schelchok-vyiklyucheniya.mp3 */,
				18904A8429C06F1300123C9E /* liam_m-i-know.mp3 */,
			);
			path = Sounds;
			sourceTree = "<group>";
		};
		18904A8829C06FD500123C9E /* Service */ = {
			isa = PBXGroup;
			children = (
				1893A4CF2ABF72ED007CD8C7 /* Tracks */,
				1893A4CE2ABF72CB007CD8C7 /* Players */,
				187DD3F62AB0ED1A00666565 /* Mapper */,
			);
			path = Service;
			sourceTree = "<group>";
		};
		18904A9529C0709000123C9E /* PlayerTrack */ = {
			isa = PBXGroup;
			children = (
				18904A9629C070A700123C9E /* Controller */,
				18904A9729C070AD00123C9E /* View */,
				18E20CD629C0BD5500E9E16C /* Model */,
			);
			path = PlayerTrack;
			sourceTree = "<group>";
		};
		18904A9629C070A700123C9E /* Controller */ = {
			isa = PBXGroup;
			children = (
				18904A9829C070D100123C9E /* PlayerViewController.swift */,
			);
			path = Controller;
			sourceTree = "<group>";
		};
		18904A9729C070AD00123C9E /* View */ = {
			isa = PBXGroup;
			children = (
				18E20CCE29C0BBBC00E9E16C /* PlayerView.swift */,
				18904A6729C06CF400123C9E /* ProgressBar.swift */,
			);
			path = View;
			sourceTree = "<group>";
		};
		18904A9C29C070F500123C9E /* Cell */ = {
			isa = PBXGroup;
			children = (
				18904A9D29C0711600123C9E /* SelectTrackCell.swift */,
			);
			path = Cell;
			sourceTree = "<group>";
		};
		1893A4CE2ABF72CB007CD8C7 /* Players */ = {
			isa = PBXGroup;
			children = (
				18904A9129C0702F00123C9E /* PlayerIPod.swift */,
				18904A8929C06FF400123C9E /* PlayerAppSounds.swift */,
			);
			path = Players;
			sourceTree = "<group>";
		};
		1893A4CF2ABF72ED007CD8C7 /* Tracks */ = {
			isa = PBXGroup;
			children = (
				1893A4D02ABF7315007CD8C7 /* Tracks.swift */,
			);
			path = Tracks;
			sourceTree = "<group>";
		};
		1893A4D22ABF74C6007CD8C7 /* MyNavigationController */ = {
			isa = PBXGroup;
			children = (
				1893A4D32ABF7523007CD8C7 /* IPodNavigationController.swift */,
				1893A4D52ABF8B79007CD8C7 /* IPodNavigationView.swift */,
			);
			path = MyNavigationController;
			sourceTree = "<group>";
		};
		18E20CCB29C0B5C800E9E16C /* UIView */ = {
			isa = PBXGroup;
			children = (
				18E20CCC29C0B5E400E9E16C /* UIView+Gradient.swift */,
				1883B32F29C1B67A005E8D96 /* UIView+MyStyle.swift */,
				18BD308D29FFF1B000F0C279 /* UIView+InnerShadow.swift */,
			);
			path = UIView;
			sourceTree = "<group>";
		};
		18E20CD029C0BBE500E9E16C /* UIImageView */ = {
			isa = PBXGroup;
			children = (
				18E20CD129C0BC0A00E9E16C /* UIIMageView+MyStyle.swift */,
			);
			path = UIImageView;
			sourceTree = "<group>";
		};
		18E20CD329C0BC8700E9E16C /* UIStackView */ = {
			isa = PBXGroup;
			children = (
				18E20CD429C0BD2600E9E16C /* UIStackView+MyStyle.swift */,
			);
			path = UIStackView;
			sourceTree = "<group>";
		};
		18E20CD629C0BD5500E9E16C /* Model */ = {
			isa = PBXGroup;
			children = (
				18E20CD729C0BD6B00E9E16C /* ModelTrackDisplay.swift */,
			);
			path = Model;
			sourceTree = "<group>";
		};
		18E20CD929C0DB3300E9E16C /* Model */ = {
			isa = PBXGroup;
			children = (
				18E20CDA29C0DB5200E9E16C /* ModelSelectTrackCell.swift */,
			);
			path = Model;
			sourceTree = "<group>";
		};
/* End PBXGroup section */

/* Begin PBXNativeTarget section */
		189049F929C0642900123C9E /* iPod U2 AudioPlayer */ = {
			isa = PBXNativeTarget;
			buildConfigurationList = 18904A2429C0643100123C9E /* Build configuration list for PBXNativeTarget "iPod U2 AudioPlayer" */;
			buildPhases = (
				189049F629C0642900123C9E /* Sources */,
				189049F729C0642900123C9E /* Frameworks */,
				189049F829C0642900123C9E /* Resources */,
			);
			buildRules = (
			);
			dependencies = (
			);
			name = "iPod U2 AudioPlayer";
			productName = "iPod U2 AudioPlayer";
			productReference = 189049FA29C0642900123C9E /* iPod U2 AudioPlayer.app */;
			productType = "com.apple.product-type.application";
		};
		18904A0F29C0643000123C9E /* iPod U2 AudioPlayerTests */ = {
			isa = PBXNativeTarget;
			buildConfigurationList = 18904A2729C0643100123C9E /* Build configuration list for PBXNativeTarget "iPod U2 AudioPlayerTests" */;
			buildPhases = (
				18904A0C29C0643000123C9E /* Sources */,
				18904A0D29C0643000123C9E /* Frameworks */,
				18904A0E29C0643000123C9E /* Resources */,
			);
			buildRules = (
			);
			dependencies = (
				18904A1229C0643100123C9E /* PBXTargetDependency */,
			);
			name = "iPod U2 AudioPlayerTests";
			productName = "iPod U2 AudioPlayerTests";
			productReference = 18904A1029C0643100123C9E /* iPod U2 AudioPlayerTests.xctest */;
			productType = "com.apple.product-type.bundle.unit-test";
		};
		18904A1929C0643100123C9E /* iPod U2 AudioPlayerUITests */ = {
			isa = PBXNativeTarget;
			buildConfigurationList = 18904A2A29C0643100123C9E /* Build configuration list for PBXNativeTarget "iPod U2 AudioPlayerUITests" */;
			buildPhases = (
				18904A1629C0643100123C9E /* Sources */,
				18904A1729C0643100123C9E /* Frameworks */,
				18904A1829C0643100123C9E /* Resources */,
			);
			buildRules = (
			);
			dependencies = (
				18904A1C29C0643100123C9E /* PBXTargetDependency */,
			);
			name = "iPod U2 AudioPlayerUITests";
			productName = "iPod U2 AudioPlayerUITests";
			productReference = 18904A1A29C0643100123C9E /* iPod U2 AudioPlayerUITests.xctest */;
			productType = "com.apple.product-type.bundle.ui-testing";
		};
/* End PBXNativeTarget section */

/* Begin PBXProject section */
		189049F229C0642800123C9E /* Project object */ = {
			isa = PBXProject;
			attributes = {
				BuildIndependentTargetsInParallel = 1;
				LastSwiftUpdateCheck = 1340;
				LastUpgradeCheck = 1340;
				TargetAttributes = {
					189049F929C0642900123C9E = {
						CreatedOnToolsVersion = 13.4.1;
					};
					18904A0F29C0643000123C9E = {
						CreatedOnToolsVersion = 13.4.1;
						TestTargetID = 189049F929C0642900123C9E;
					};
					18904A1929C0643100123C9E = {
						CreatedOnToolsVersion = 13.4.1;
						TestTargetID = 189049F929C0642900123C9E;
					};
				};
			};
			buildConfigurationList = 189049F529C0642800123C9E /* Build configuration list for PBXProject "iPod U2 AudioPlayer" */;
			compatibilityVersion = "Xcode 14.0";
			developmentRegion = en;
			hasScannedForEncodings = 0;
			knownRegions = (
				en,
				Base,
			);
			mainGroup = 189049F129C0642800123C9E;
			productRefGroup = 189049FB29C0642900123C9E /* Products */;
			projectDirPath = "";
			projectRoot = "";
			targets = (
				189049F929C0642900123C9E /* iPod U2 AudioPlayer */,
				18904A0F29C0643000123C9E /* iPod U2 AudioPlayerTests */,
				18904A1929C0643100123C9E /* iPod U2 AudioPlayerUITests */,
			);
		};
/* End PBXProject section */

/* Begin PBXResourcesBuildPhase section */
		189049F829C0642900123C9E /* Resources */ = {
			isa = PBXResourcesBuildPhase;
			buildActionMask = 2147483647;
			files = (
				18904A8529C06F1300123C9E /* liam_m-i-know.mp3 in Resources */,
				18904A8E29C0700F00123C9E /* schelchok-vyiklyucheniya.mp3 in Resources */,
				18904A0A29C0643000123C9E /* LaunchScreen.storyboard in Resources */,
				18904A4F29C06B0700123C9E /* MarkPro-Bold.ttf in Resources */,
				18904A0729C0643000123C9E /* Assets.xcassets in Resources */,
			);
			runOnlyForDeploymentPostprocessing = 0;
		};
		18904A0E29C0643000123C9E /* Resources */ = {
			isa = PBXResourcesBuildPhase;
			buildActionMask = 2147483647;
			files = (
				18904A8F29C0700F00123C9E /* schelchok-vyiklyucheniya.mp3 in Resources */,
				18904A8629C06F1300123C9E /* liam_m-i-know.mp3 in Resources */,
				18904A5029C06B0700123C9E /* MarkPro-Bold.ttf in Resources */,
			);
			runOnlyForDeploymentPostprocessing = 0;
		};
		18904A1829C0643100123C9E /* Resources */ = {
			isa = PBXResourcesBuildPhase;
			buildActionMask = 2147483647;
			files = (
				18904A9029C0700F00123C9E /* schelchok-vyiklyucheniya.mp3 in Resources */,
				18904A8729C06F1300123C9E /* liam_m-i-know.mp3 in Resources */,
				18904A5129C06B0700123C9E /* MarkPro-Bold.ttf in Resources */,
			);
			runOnlyForDeploymentPostprocessing = 0;
		};
/* End PBXResourcesBuildPhase section */

/* Begin PBXSourcesBuildPhase section */
		189049F629C0642900123C9E /* Sources */ = {
			isa = PBXSourcesBuildPhase;
			buildActionMask = 2147483647;
			files = (
				1893A4CD2ABF6B12007CD8C7 /* PlayerBaseViewController.swift in Sources */,
				18904A5F29C06C2D00123C9E /* NavBarView.swift in Sources */,
				1893A4D62ABF8B79007CD8C7 /* IPodNavigationView.swift in Sources */,
				18904A3A29C067AD00123C9E /* PlayerButton.swift in Sources */,
				18904A5B29C06BE600123C9E /* Colors.swift in Sources */,
				18904A4029C0688300123C9E /* IPodGestureRecognizer.swift in Sources */,
				18904A6829C06CF400123C9E /* ProgressBar.swift in Sources */,
				18904A6429C06C8E00123C9E /* UILabel+MyStyle.swift in Sources */,
				18E20CD229C0BC0A00E9E16C /* UIIMageView+MyStyle.swift in Sources */,
				18904A3329C066E100123C9E /* ContainerView.swift in Sources */,
				1893A4D12ABF7315007CD8C7 /* Tracks.swift in Sources */,
				18904A9929C070D100123C9E /* PlayerViewController.swift in Sources */,
				18904A4929C06A3400123C9E /* Images.swift in Sources */,
				18E20CCF29C0BBBC00E9E16C /* PlayerView.swift in Sources */,
				18904A4C29C06AD400123C9E /* Fonts.swift in Sources */,
				18BD308E29FFF1B000F0C279 /* UIView+InnerShadow.swift in Sources */,
				18904A0229C0642900123C9E /* ContainerViewController.swift in Sources */,
				18E20CDB29C0DB5200E9E16C /* ModelSelectTrackCell.swift in Sources */,
				1883B33029C1B67A005E8D96 /* UIView+MyStyle.swift in Sources */,
				18904A8029C06ED600123C9E /* Sounds.swift in Sources */,
				18E20CD829C0BD6B00E9E16C /* ModelTrackDisplay.swift in Sources */,
				18904A4329C0692C00123C9E /* CGFloat+.swift in Sources */,
				18904A7829C06E5700123C9E /* SelectTrackViewController.swift in Sources */,
				18E20CCD29C0B5E400E9E16C /* UIView+Gradient.swift in Sources */,
				18904A4629C069CC00123C9E /* ProtocolsForProject.swift in Sources */,
				18904A9229C0702F00123C9E /* PlayerIPod.swift in Sources */,
				1893A4D42ABF7523007CD8C7 /* IPodNavigationController.swift in Sources */,
				189049FE29C0642900123C9E /* AppDelegate.swift in Sources */,
				18904A5329C06B7900123C9E /* SelectButton.swift in Sources */,
				18904A5729C06BBD00123C9E /* UIButton+Target.swift in Sources */,
				18904A7C29C06EA500123C9E /* SelectTrackView.swift in Sources */,
				18904A8A29C06FF400123C9E /* PlayerAppSounds.swift in Sources */,
				18904A0029C0642900123C9E /* SceneDelegate.swift in Sources */,
				18904A6D29C06D6800123C9E /* ModelProgressTrack.swift in Sources */,
				18904A7129C06DB600123C9E /* ModelTrack.swift in Sources */,
				18E20CD529C0BD2600E9E16C /* UIStackView+MyStyle.swift in Sources */,
				188E58B72AB6250F00BE21B5 /* Mapper.swift in Sources */,
				18904A3D29C0681F00123C9E /* EnumsForProject.swift in Sources */,
				18904A9E29C0711600123C9E /* SelectTrackCell.swift in Sources */,
				18904A3529C0672600123C9E /* ControlModule.swift in Sources */,
			);
			runOnlyForDeploymentPostprocessing = 0;
		};
		18904A0C29C0643000123C9E /* Sources */ = {
			isa = PBXSourcesBuildPhase;
			buildActionMask = 2147483647;
			files = (
				18904A1529C0643100123C9E /* iPod_U2_AudioPlayerTests.swift in Sources */,
				18904A7229C06DB600123C9E /* ModelTrack.swift in Sources */,
				18904A5C29C06BE600123C9E /* Colors.swift in Sources */,
				18904A8129C06ED600123C9E /* Sounds.swift in Sources */,
				18904A5829C06BBD00123C9E /* UIButton+Target.swift in Sources */,
				18904A9F29C0711600123C9E /* SelectTrackCell.swift in Sources */,
				18904A7929C06E5700123C9E /* SelectTrackViewController.swift in Sources */,
				18904A7D29C06EA500123C9E /* SelectTrackView.swift in Sources */,
				18904A6029C06C2D00123C9E /* NavBarView.swift in Sources */,
				18904A9329C0702F00123C9E /* PlayerIPod.swift in Sources */,
				18904A6529C06C8E00123C9E /* UILabel+MyStyle.swift in Sources */,
				18904A8B29C06FF400123C9E /* PlayerAppSounds.swift in Sources */,
				18904A5429C06B7900123C9E /* SelectButton.swift in Sources */,
				18904A6E29C06D6800123C9E /* ModelProgressTrack.swift in Sources */,
				18904A9A29C070D100123C9E /* PlayerViewController.swift in Sources */,
			);
			runOnlyForDeploymentPostprocessing = 0;
		};
		18904A1629C0643100123C9E /* Sources */ = {
			isa = PBXSourcesBuildPhase;
			buildActionMask = 2147483647;
			files = (
				18904A6F29C06D6800123C9E /* ModelProgressTrack.swift in Sources */,
				18904A9B29C070D100123C9E /* PlayerViewController.swift in Sources */,
				18904A5929C06BBD00123C9E /* UIButton+Target.swift in Sources */,
				18904AA029C0711600123C9E /* SelectTrackCell.swift in Sources */,
				18904A5D29C06BE600123C9E /* Colors.swift in Sources */,
				18904A5529C06B7900123C9E /* SelectButton.swift in Sources */,
				18904A9429C0702F00123C9E /* PlayerIPod.swift in Sources */,
				18904A8229C06ED600123C9E /* Sounds.swift in Sources */,
				18904A7E29C06EA500123C9E /* SelectTrackView.swift in Sources */,
				18904A1F29C0643100123C9E /* iPod_U2_AudioPlayerUITests.swift in Sources */,
				18904A6629C06C8E00123C9E /* UILabel+MyStyle.swift in Sources */,
				18904A8C29C06FF400123C9E /* PlayerAppSounds.swift in Sources */,
				18904A7A29C06E5700123C9E /* SelectTrackViewController.swift in Sources */,
				18904A6129C06C2D00123C9E /* NavBarView.swift in Sources */,
				18904A7329C06DB600123C9E /* ModelTrack.swift in Sources */,
				18904A2129C0643100123C9E /* iPod_U2_AudioPlayerUITestsLaunchTests.swift in Sources */,
			);
			runOnlyForDeploymentPostprocessing = 0;
		};
/* End PBXSourcesBuildPhase section */

/* Begin PBXTargetDependency section */
		18904A1229C0643100123C9E /* PBXTargetDependency */ = {
			isa = PBXTargetDependency;
			target = 189049F929C0642900123C9E /* iPod U2 AudioPlayer */;
			targetProxy = 18904A1129C0643100123C9E /* PBXContainerItemProxy */;
		};
		18904A1C29C0643100123C9E /* PBXTargetDependency */ = {
			isa = PBXTargetDependency;
			target = 189049F929C0642900123C9E /* iPod U2 AudioPlayer */;
			targetProxy = 18904A1B29C0643100123C9E /* PBXContainerItemProxy */;
		};
/* End PBXTargetDependency section */

/* Begin PBXVariantGroup section */
		18904A0829C0643000123C9E /* LaunchScreen.storyboard */ = {
			isa = PBXVariantGroup;
			children = (
				18904A0929C0643000123C9E /* Base */,
			);
			name = LaunchScreen.storyboard;
			sourceTree = "<group>";
		};
/* End PBXVariantGroup section */

/* Begin XCBuildConfiguration section */
		18904A2229C0643100123C9E /* Debug */ = {
			isa = XCBuildConfiguration;
			buildSettings = {
				ALWAYS_SEARCH_USER_PATHS = NO;
				CLANG_ANALYZER_NONNULL = YES;
				CLANG_ANALYZER_NUMBER_OBJECT_CONVERSION = YES_AGGRESSIVE;
				CLANG_CXX_LANGUAGE_STANDARD = "gnu++17";
				CLANG_ENABLE_MODULES = YES;
				CLANG_ENABLE_OBJC_ARC = YES;
				CLANG_ENABLE_OBJC_WEAK = YES;
				CLANG_WARN_BLOCK_CAPTURE_AUTORELEASING = YES;
				CLANG_WARN_BOOL_CONVERSION = YES;
				CLANG_WARN_COMMA = YES;
				CLANG_WARN_CONSTANT_CONVERSION = YES;
				CLANG_WARN_DEPRECATED_OBJC_IMPLEMENTATIONS = YES;
				CLANG_WARN_DIRECT_OBJC_ISA_USAGE = YES_ERROR;
				CLANG_WARN_DOCUMENTATION_COMMENTS = YES;
				CLANG_WARN_EMPTY_BODY = YES;
				CLANG_WARN_ENUM_CONVERSION = YES;
				CLANG_WARN_INFINITE_RECURSION = YES;
				CLANG_WARN_INT_CONVERSION = YES;
				CLANG_WARN_NON_LITERAL_NULL_CONVERSION = YES;
				CLANG_WARN_OBJC_IMPLICIT_RETAIN_SELF = YES;
				CLANG_WARN_OBJC_LITERAL_CONVERSION = YES;
				CLANG_WARN_OBJC_ROOT_CLASS = YES_ERROR;
				CLANG_WARN_QUOTED_INCLUDE_IN_FRAMEWORK_HEADER = YES;
				CLANG_WARN_RANGE_LOOP_ANALYSIS = YES;
				CLANG_WARN_STRICT_PROTOTYPES = YES;
				CLANG_WARN_SUSPICIOUS_MOVE = YES;
				CLANG_WARN_UNGUARDED_AVAILABILITY = YES_AGGRESSIVE;
				CLANG_WARN_UNREACHABLE_CODE = YES;
				CLANG_WARN__DUPLICATE_METHOD_MATCH = YES;
				COPY_PHASE_STRIP = NO;
				DEBUG_INFORMATION_FORMAT = dwarf;
				ENABLE_STRICT_OBJC_MSGSEND = YES;
				ENABLE_TESTABILITY = YES;
				GCC_C_LANGUAGE_STANDARD = gnu11;
				GCC_DYNAMIC_NO_PIC = NO;
				GCC_NO_COMMON_BLOCKS = YES;
				GCC_OPTIMIZATION_LEVEL = 0;
				GCC_PREPROCESSOR_DEFINITIONS = (
					"DEBUG=1",
					"$(inherited)",
				);
				GCC_WARN_64_TO_32_BIT_CONVERSION = YES;
				GCC_WARN_ABOUT_RETURN_TYPE = YES_ERROR;
				GCC_WARN_UNDECLARED_SELECTOR = YES;
				GCC_WARN_UNINITIALIZED_AUTOS = YES_AGGRESSIVE;
				GCC_WARN_UNUSED_FUNCTION = YES;
				GCC_WARN_UNUSED_VARIABLE = YES;
				IPHONEOS_DEPLOYMENT_TARGET = 15.5;
				MTL_ENABLE_DEBUG_INFO = INCLUDE_SOURCE;
				MTL_FAST_MATH = YES;
				ONLY_ACTIVE_ARCH = YES;
				SDKROOT = iphoneos;
				SWIFT_ACTIVE_COMPILATION_CONDITIONS = DEBUG;
				SWIFT_OPTIMIZATION_LEVEL = "-Onone";
			};
			name = Debug;
		};
		18904A2329C0643100123C9E /* Release */ = {
			isa = XCBuildConfiguration;
			buildSettings = {
				ALWAYS_SEARCH_USER_PATHS = NO;
				CLANG_ANALYZER_NONNULL = YES;
				CLANG_ANALYZER_NUMBER_OBJECT_CONVERSION = YES_AGGRESSIVE;
				CLANG_CXX_LANGUAGE_STANDARD = "gnu++17";
				CLANG_ENABLE_MODULES = YES;
				CLANG_ENABLE_OBJC_ARC = YES;
				CLANG_ENABLE_OBJC_WEAK = YES;
				CLANG_WARN_BLOCK_CAPTURE_AUTORELEASING = YES;
				CLANG_WARN_BOOL_CONVERSION = YES;
				CLANG_WARN_COMMA = YES;
				CLANG_WARN_CONSTANT_CONVERSION = YES;
				CLANG_WARN_DEPRECATED_OBJC_IMPLEMENTATIONS = YES;
				CLANG_WARN_DIRECT_OBJC_ISA_USAGE = YES_ERROR;
				CLANG_WARN_DOCUMENTATION_COMMENTS = YES;
				CLANG_WARN_EMPTY_BODY = YES;
				CLANG_WARN_ENUM_CONVERSION = YES;
				CLANG_WARN_INFINITE_RECURSION = YES;
				CLANG_WARN_INT_CONVERSION = YES;
				CLANG_WARN_NON_LITERAL_NULL_CONVERSION = YES;
				CLANG_WARN_OBJC_IMPLICIT_RETAIN_SELF = YES;
				CLANG_WARN_OBJC_LITERAL_CONVERSION = YES;
				CLANG_WARN_OBJC_ROOT_CLASS = YES_ERROR;
				CLANG_WARN_QUOTED_INCLUDE_IN_FRAMEWORK_HEADER = YES;
				CLANG_WARN_RANGE_LOOP_ANALYSIS = YES;
				CLANG_WARN_STRICT_PROTOTYPES = YES;
				CLANG_WARN_SUSPICIOUS_MOVE = YES;
				CLANG_WARN_UNGUARDED_AVAILABILITY = YES_AGGRESSIVE;
				CLANG_WARN_UNREACHABLE_CODE = YES;
				CLANG_WARN__DUPLICATE_METHOD_MATCH = YES;
				COPY_PHASE_STRIP = NO;
				DEBUG_INFORMATION_FORMAT = "dwarf-with-dsym";
				ENABLE_NS_ASSERTIONS = NO;
				ENABLE_STRICT_OBJC_MSGSEND = YES;
				GCC_C_LANGUAGE_STANDARD = gnu11;
				GCC_NO_COMMON_BLOCKS = YES;
				GCC_WARN_64_TO_32_BIT_CONVERSION = YES;
				GCC_WARN_ABOUT_RETURN_TYPE = YES_ERROR;
				GCC_WARN_UNDECLARED_SELECTOR = YES;
				GCC_WARN_UNINITIALIZED_AUTOS = YES_AGGRESSIVE;
				GCC_WARN_UNUSED_FUNCTION = YES;
				GCC_WARN_UNUSED_VARIABLE = YES;
				IPHONEOS_DEPLOYMENT_TARGET = 15.5;
				MTL_ENABLE_DEBUG_INFO = NO;
				MTL_FAST_MATH = YES;
				SDKROOT = iphoneos;
				SWIFT_COMPILATION_MODE = wholemodule;
				SWIFT_OPTIMIZATION_LEVEL = "-O";
				VALIDATE_PRODUCT = YES;
			};
			name = Release;
		};
		18904A2529C0643100123C9E /* Debug */ = {
			isa = XCBuildConfiguration;
			buildSettings = {
				ASSETCATALOG_COMPILER_APPICON_NAME = AppIcon;
				ASSETCATALOG_COMPILER_GLOBAL_ACCENT_COLOR_NAME = AccentColor;
				CODE_SIGN_STYLE = Automatic;
				CURRENT_PROJECT_VERSION = 1;
				DEVELOPMENT_TEAM = WF9NXXAU88;
				GENERATE_INFOPLIST_FILE = YES;
				INFOPLIST_FILE = "iPod U2 AudioPlayer/Info.plist";
				INFOPLIST_KEY_UIApplicationSupportsIndirectInputEvents = YES;
				INFOPLIST_KEY_UILaunchStoryboardName = LaunchScreen;
				INFOPLIST_KEY_UISupportedInterfaceOrientations = UIInterfaceOrientationPortrait;
				INFOPLIST_KEY_UISupportedInterfaceOrientations_iPad = "UIInterfaceOrientationLandscapeLeft UIInterfaceOrientationLandscapeRight UIInterfaceOrientationPortrait UIInterfaceOrientationPortraitUpsideDown";
				IPHONEOS_DEPLOYMENT_TARGET = 15.5;
				LD_RUNPATH_SEARCH_PATHS = (
					"$(inherited)",
					"@executable_path/Frameworks",
				);
				MARKETING_VERSION = 1.0;
				PRODUCT_BUNDLE_IDENTIFIER = "totsamiianatolii.iPod-U2-AudioPlayer";
				PRODUCT_NAME = "$(TARGET_NAME)";
				SWIFT_EMIT_LOC_STRINGS = YES;
				SWIFT_VERSION = 5.0;
				TARGETED_DEVICE_FAMILY = 1;
			};
			name = Debug;
		};
		18904A2629C0643100123C9E /* Release */ = {
			isa = XCBuildConfiguration;
			buildSettings = {
				ASSETCATALOG_COMPILER_APPICON_NAME = AppIcon;
				ASSETCATALOG_COMPILER_GLOBAL_ACCENT_COLOR_NAME = AccentColor;
				CODE_SIGN_STYLE = Automatic;
				CURRENT_PROJECT_VERSION = 1;
				DEVELOPMENT_TEAM = WF9NXXAU88;
				GENERATE_INFOPLIST_FILE = YES;
				INFOPLIST_FILE = "iPod U2 AudioPlayer/Info.plist";
				INFOPLIST_KEY_UIApplicationSupportsIndirectInputEvents = YES;
				INFOPLIST_KEY_UILaunchStoryboardName = LaunchScreen;
				INFOPLIST_KEY_UISupportedInterfaceOrientations = UIInterfaceOrientationPortrait;
				INFOPLIST_KEY_UISupportedInterfaceOrientations_iPad = "UIInterfaceOrientationLandscapeLeft UIInterfaceOrientationLandscapeRight UIInterfaceOrientationPortrait UIInterfaceOrientationPortraitUpsideDown";
				IPHONEOS_DEPLOYMENT_TARGET = 15.5;
				LD_RUNPATH_SEARCH_PATHS = (
					"$(inherited)",
					"@executable_path/Frameworks",
				);
				MARKETING_VERSION = 1.0;
				PRODUCT_BUNDLE_IDENTIFIER = "totsamiianatolii.iPod-U2-AudioPlayer1";
				PRODUCT_NAME = "$(TARGET_NAME)";
				SWIFT_EMIT_LOC_STRINGS = YES;
				SWIFT_VERSION = 5.0;
				TARGETED_DEVICE_FAMILY = 1;
			};
			name = Release;
		};
		18904A2829C0643100123C9E /* Debug */ = {
			isa = XCBuildConfiguration;
			buildSettings = {
				ALWAYS_EMBED_SWIFT_STANDARD_LIBRARIES = YES;
				BUNDLE_LOADER = "$(TEST_HOST)";
				CODE_SIGN_STYLE = Automatic;
				CURRENT_PROJECT_VERSION = 1;
				GENERATE_INFOPLIST_FILE = YES;
				IPHONEOS_DEPLOYMENT_TARGET = 15.5;
				MARKETING_VERSION = 1.0;
				PRODUCT_BUNDLE_IDENTIFIER = "totsamiianatolii.iPod-U2-AudioPlayerTests";
				PRODUCT_NAME = "$(TARGET_NAME)";
				SWIFT_EMIT_LOC_STRINGS = NO;
				SWIFT_VERSION = 5.0;
				TARGETED_DEVICE_FAMILY = "1,2";
				TEST_HOST = "$(BUILT_PRODUCTS_DIR)/iPod U2 AudioPlayer.app/iPod U2 AudioPlayer";
			};
			name = Debug;
		};
		18904A2929C0643100123C9E /* Release */ = {
			isa = XCBuildConfiguration;
			buildSettings = {
				ALWAYS_EMBED_SWIFT_STANDARD_LIBRARIES = YES;
				BUNDLE_LOADER = "$(TEST_HOST)";
				CODE_SIGN_STYLE = Automatic;
				CURRENT_PROJECT_VERSION = 1;
				GENERATE_INFOPLIST_FILE = YES;
				IPHONEOS_DEPLOYMENT_TARGET = 15.5;
				MARKETING_VERSION = 1.0;
				PRODUCT_BUNDLE_IDENTIFIER = "totsamiianatolii.iPod-U2-AudioPlayerTests";
				PRODUCT_NAME = "$(TARGET_NAME)";
				SWIFT_EMIT_LOC_STRINGS = NO;
				SWIFT_VERSION = 5.0;
				TARGETED_DEVICE_FAMILY = "1,2";
				TEST_HOST = "$(BUILT_PRODUCTS_DIR)/iPod U2 AudioPlayer.app/iPod U2 AudioPlayer";
			};
			name = Release;
		};
		18904A2B29C0643100123C9E /* Debug */ = {
			isa = XCBuildConfiguration;
			buildSettings = {
				ALWAYS_EMBED_SWIFT_STANDARD_LIBRARIES = YES;
				CODE_SIGN_STYLE = Automatic;
				CURRENT_PROJECT_VERSION = 1;
				GENERATE_INFOPLIST_FILE = YES;
				MARKETING_VERSION = 1.0;
				PRODUCT_BUNDLE_IDENTIFIER = "totsamiianatolii.iPod-U2-AudioPlayerUITests";
				PRODUCT_NAME = "$(TARGET_NAME)";
				SWIFT_EMIT_LOC_STRINGS = NO;
				SWIFT_VERSION = 5.0;
				TARGETED_DEVICE_FAMILY = "1,2";
				TEST_TARGET_NAME = "iPod U2 AudioPlayer";
			};
			name = Debug;
		};
		18904A2C29C0643100123C9E /* Release */ = {
			isa = XCBuildConfiguration;
			buildSettings = {
				ALWAYS_EMBED_SWIFT_STANDARD_LIBRARIES = YES;
				CODE_SIGN_STYLE = Automatic;
				CURRENT_PROJECT_VERSION = 1;
				GENERATE_INFOPLIST_FILE = YES;
				MARKETING_VERSION = 1.0;
				PRODUCT_BUNDLE_IDENTIFIER = "totsamiianatolii.iPod-U2-AudioPlayerUITests";
				PRODUCT_NAME = "$(TARGET_NAME)";
				SWIFT_EMIT_LOC_STRINGS = NO;
				SWIFT_VERSION = 5.0;
				TARGETED_DEVICE_FAMILY = "1,2";
				TEST_TARGET_NAME = "iPod U2 AudioPlayer";
			};
			name = Release;
		};
/* End XCBuildConfiguration section */

/* Begin XCConfigurationList section */
		189049F529C0642800123C9E /* Build configuration list for PBXProject "iPod U2 AudioPlayer" */ = {
			isa = XCConfigurationList;
			buildConfigurations = (
				18904A2229C0643100123C9E /* Debug */,
				18904A2329C0643100123C9E /* Release */,
			);
			defaultConfigurationIsVisible = 0;
			defaultConfigurationName = Release;
		};
		18904A2429C0643100123C9E /* Build configuration list for PBXNativeTarget "iPod U2 AudioPlayer" */ = {
			isa = XCConfigurationList;
			buildConfigurations = (
				18904A2529C0643100123C9E /* Debug */,
				18904A2629C0643100123C9E /* Release */,
			);
			defaultConfigurationIsVisible = 0;
			defaultConfigurationName = Release;
		};
		18904A2729C0643100123C9E /* Build configuration list for PBXNativeTarget "iPod U2 AudioPlayerTests" */ = {
			isa = XCConfigurationList;
			buildConfigurations = (
				18904A2829C0643100123C9E /* Debug */,
				18904A2929C0643100123C9E /* Release */,
			);
			defaultConfigurationIsVisible = 0;
			defaultConfigurationName = Release;
		};
		18904A2A29C0643100123C9E /* Build configuration list for PBXNativeTarget "iPod U2 AudioPlayerUITests" */ = {
			isa = XCConfigurationList;
			buildConfigurations = (
				18904A2B29C0643100123C9E /* Debug */,
				18904A2C29C0643100123C9E /* Release */,
			);
			defaultConfigurationIsVisible = 0;
			defaultConfigurationName = Release;
		};
/* End XCConfigurationList section */
	};
	rootObject = 189049F229C0642800123C9E /* Project object */;
}
